
Microsoft Visual Studio Solution File, Format Version 12.00
# Visual Studio Version 16
VisualStudioVersion = 16.0.31515.178
MinimumVisualStudioVersion = 10.0.40219.1
Project("{888888A0-9F3D-457C-B088-3A5042F75D52}") = "Country Lab", "Country Lab.pyproj", "{2C4824C6-2B76-4864-AF30-B238FB663E2F}"
EndProject
Global
	GlobalSection(SolutionConfigurationPlatforms) = preSolution
		Debug|Any CPU = Debug|Any CPU
		Release|Any CPU = Release|Any CPU
	EndGlobalSection
	GlobalSection(ProjectConfigurationPlatforms) = postSolution
		{2C4824C6-2B76-4864-AF30-B238FB663E2F}.Debug|Any CPU.ActiveCfg = Debug|Any CPU
		{2C4824C6-2B76-4864-AF30-B238FB663E2F}.Release|Any CPU.ActiveCfg = Release|Any CPU
	EndGlobalSection
	GlobalSection(SolutionProperties) = preSolution
		HideSolutionNode = FALSE
	EndGlobalSection
	GlobalSection(ExtensibilityGlobals) = postSolution
		SolutionGuid = {8421283E-1585-432D-960F-66A3D68E1D55}
	EndGlobalSection
EndGlobal
